
Microsoft Visual Studio Solution File, Format Version 12.00
# Visual Studio Version 17
VisualStudioVersion = 17.14.36408.4
MinimumVisualStudioVersion = 10.0.40219.1
Project("{2150E333-8FDC-42A3-9474-1A3956D46DE8}") = "WebApps", "WebApps", "{02EA681E-C7D8-13C7-8484-4AC65E1B71E8}"
EndProject
Project("{FAE04EC0-301F-11D3-BF4B-00C04F79EFBC}") = "MBA.Gaudi.Api", "src\MBA.Gaudi.Api\MBA.Gaudi.Api.csproj", "{C9FD9D4C-D629-4845-BECE-B232A682C7D5}"
EndProject
Project("{2150E333-8FDC-42A3-9474-1A3956D46DE8}") = "Services", "Services", "{86B55594-0C43-4655-A18C-978069E58095}"
EndProject
Project("{2150E333-8FDC-42A3-9474-1A3956D46DE8}") = "BoundedContexts", "BoundedContexts", "{32876082-D8FF-48A2-A144-332EDBE0C47C}"
EndProject
Project("{2150E333-8FDC-42A3-9474-1A3956D46DE8}") = "GestaoAlunos", "GestaoAlunos", "{5BC74563-E32E-41F0-A34C-B200F9755D47}"
EndProject
Project("{2150E333-8FDC-42A3-9474-1A3956D46DE8}") = "GestaoConteudo", "GestaoConteudo", "{CD8798F3-EEA3-455F-BDE5-538707C52F84}"
EndProject
Project("{2150E333-8FDC-42A3-9474-1A3956D46DE8}") = "PagamentoFaturamento", "PagamentoFaturamento", "{D7BD0AA9-7A1E-4E72-963D-D5686AFB483B}"
EndProject
Project("{2150E333-8FDC-42A3-9474-1A3956D46DE8}") = "Core", "Core", "{4634DE47-4F8B-4CD7-8F55-85AF943EFE04}"
EndProject
Project("{FAE04EC0-301F-11D3-BF4B-00C04F79EFBC}") = "MBA.Gaudi.GestaoAlunos.Application", "src\MBA.Gaudi.GestaoAlunos.Application\MBA.Gaudi.GestaoAlunos.Application.csproj", "{D7969D4F-740F-4595-897A-CC8C6BFA0164}"
EndProject
Project("{FAE04EC0-301F-11D3-BF4B-00C04F79EFBC}") = "MBA.Gaudi.GestaoAlunos.Data", "src\MBA.Gaudi.GestaoAlunos.Application.Data\MBA.Gaudi.GestaoAlunos.Data.csproj", "{FA079C3A-E57F-4BAE-9A68-528EF782A5CC}"
EndProject
Project("{FAE04EC0-301F-11D3-BF4B-00C04F79EFBC}") = "MBA.Gaudi.GestaoAlunos.Domain", "src\MBA.Gaudi.GestaoAlunos.Domain\MBA.Gaudi.GestaoAlunos.Domain.csproj", "{9061FF18-CB9F-4F4D-B9B9-431DB095B6A8}"
EndProject
Project("{FAE04EC0-301F-11D3-BF4B-00C04F79EFBC}") = "MBA.Gaudi.GestaoConteudo.Data", "src\MBA.Gaudi.GestaoConteudo\MBA.Gaudi.GestaoConteudo.Data.csproj", "{AF5541C7-F3BE-4716-A548-4E2EBE78F546}"
EndProject
Project("{FAE04EC0-301F-11D3-BF4B-00C04F79EFBC}") = "MBA.Gaudi.Core", "src\MBA.Gaudi.Core\MBA.Gaudi.Core.csproj", "{8EFF3081-7ADB-45A1-B393-A59B9871F968}"
EndProject
Project("{FAE04EC0-301F-11D3-BF4B-00C04F79EFBC}") = "MBA.Gaudi.GestaoConteudo.Application", "src\MBA.Gaudi.GestaoConteudo.Application\MBA.Gaudi.GestaoConteudo.Application.csproj", "{9EE670F9-0952-4B5C-B179-C3F39CF5E444}"
EndProject
Project("{FAE04EC0-301F-11D3-BF4B-00C04F79EFBC}") = "MBA.Gaudi.GestaoConteudo.Domain", "src\MBA.Gaudi.GestaoConteudo.Domain\MBA.Gaudi.GestaoConteudo.Domain.csproj", "{10A26A01-2DBD-4727-83E5-3275ED02FD04}"
EndProject
Project("{FAE04EC0-301F-11D3-BF4B-00C04F79EFBC}") = "MBA.Gaudi.Security", "src\MBA.Gaudi.Security\MBA.Gaudi.Security.csproj", "{61239DBA-B3D3-4D09-952F-48CC1EF2EB2E}"
EndProject
Project("{2150E333-8FDC-42A3-9474-1A3956D46DE8}") = "Tests", "Tests", "{496CCF3E-1A52-43A5-8B31-AF2FF9620D68}"
EndProject
Project("{2150E333-8FDC-42A3-9474-1A3956D46DE8}") = "Tests", "Tests", "{59BE0A15-91F5-4A30-B233-A60012CFD9AA}"
EndProject
Project("{2150E333-8FDC-42A3-9474-1A3956D46DE8}") = "Tests", "Tests", "{D87BD8B6-0016-48DE-B3FB-B60EF047E3B1}"
EndProject
Project("{FAE04EC0-301F-11D3-BF4B-00C04F79EFBC}") = "MBA.Gaudi.GestaoAlunos.Application", "tests\Unitarios\MBA.Gaudi.GestaoAlunos.Application\MBA.Gaudi.GestaoAlunos.Application.csproj", "{1F2B761C-8A02-4EC5-A275-C459757D35D3}"
EndProject
Project("{FAE04EC0-301F-11D3-BF4B-00C04F79EFBC}") = "MBA.Gaudi.GestaoConteudo.Application", "tests\MBA.Gaudi.GestaoConteudo.Application\MBA.Gaudi.GestaoConteudo.Application.csproj", "{080DDAA8-91F9-4030-80F1-8F2709390451}"
EndProject
Project("{2150E333-8FDC-42A3-9474-1A3956D46DE8}") = "0-Solution Items", "0-Solution Items", "{5D4E6119-5A38-48DF-AB00-51B66FB9D5AA}"
	ProjectSection(SolutionItems) = preProject
		.gitattributes = .gitattributes
		.gitignore = .gitignore
		FEEDBACK.md = FEEDBACK.md
		LICENSE.txt = LICENSE.txt
		README.md = README.md
	EndProjectSection
EndProject
Project("{2150E333-8FDC-42A3-9474-1A3956D46DE8}") = "Tests", "Tests", "{8708813C-62B9-4635-B4D4-3C7292AF5654}"
EndProject
Project("{FAE04EC0-301F-11D3-BF4B-00C04F79EFBC}") = "MBA.Gaudi.Ioc", "src\MBA.Gaudi.Ioc\MBA.Gaudi.Ioc.csproj", "{B98FCA19-0FA3-4446-BADE-02DE568D181F}"
EndProject
Global
	GlobalSection(SolutionConfigurationPlatforms) = preSolution
		Debug|Any CPU = Debug|Any CPU
		Release|Any CPU = Release|Any CPU
	EndGlobalSection
	GlobalSection(ProjectConfigurationPlatforms) = postSolution
		{C9FD9D4C-D629-4845-BECE-B232A682C7D5}.Debug|Any CPU.ActiveCfg = Debug|Any CPU
		{C9FD9D4C-D629-4845-BECE-B232A682C7D5}.Debug|Any CPU.Build.0 = Debug|Any CPU
		{C9FD9D4C-D629-4845-BECE-B232A682C7D5}.Release|Any CPU.ActiveCfg = Release|Any CPU
		{C9FD9D4C-D629-4845-BECE-B232A682C7D5}.Release|Any CPU.Build.0 = Release|Any CPU
		{D7969D4F-740F-4595-897A-CC8C6BFA0164}.Debug|Any CPU.ActiveCfg = Debug|Any CPU
		{D7969D4F-740F-4595-897A-CC8C6BFA0164}.Debug|Any CPU.Build.0 = Debug|Any CPU
		{D7969D4F-740F-4595-897A-CC8C6BFA0164}.Release|Any CPU.ActiveCfg = Release|Any CPU
		{D7969D4F-740F-4595-897A-CC8C6BFA0164}.Release|Any CPU.Build.0 = Release|Any CPU
		{FA079C3A-E57F-4BAE-9A68-528EF782A5CC}.Debug|Any CPU.ActiveCfg = Debug|Any CPU
		{FA079C3A-E57F-4BAE-9A68-528EF782A5CC}.Debug|Any CPU.Build.0 = Debug|Any CPU
		{FA079C3A-E57F-4BAE-9A68-528EF782A5CC}.Release|Any CPU.ActiveCfg = Release|Any CPU
		{FA079C3A-E57F-4BAE-9A68-528EF782A5CC}.Release|Any CPU.Build.0 = Release|Any CPU
		{9061FF18-CB9F-4F4D-B9B9-431DB095B6A8}.Debug|Any CPU.ActiveCfg = Debug|Any CPU
		{9061FF18-CB9F-4F4D-B9B9-431DB095B6A8}.Debug|Any CPU.Build.0 = Debug|Any CPU
		{9061FF18-CB9F-4F4D-B9B9-431DB095B6A8}.Release|Any CPU.ActiveCfg = Release|Any CPU
		{9061FF18-CB9F-4F4D-B9B9-431DB095B6A8}.Release|Any CPU.Build.0 = Release|Any CPU
		{AF5541C7-F3BE-4716-A548-4E2EBE78F546}.Debug|Any CPU.ActiveCfg = Debug|Any CPU
		{AF5541C7-F3BE-4716-A548-4E2EBE78F546}.Debug|Any CPU.Build.0 = Debug|Any CPU
		{AF5541C7-F3BE-4716-A548-4E2EBE78F546}.Release|Any CPU.ActiveCfg = Release|Any CPU
		{AF5541C7-F3BE-4716-A548-4E2EBE78F546}.Release|Any CPU.Build.0 = Release|Any CPU
		{8EFF3081-7ADB-45A1-B393-A59B9871F968}.Debug|Any CPU.ActiveCfg = Debug|Any CPU
		{8EFF3081-7ADB-45A1-B393-A59B9871F968}.Debug|Any CPU.Build.0 = Debug|Any CPU
		{8EFF3081-7ADB-45A1-B393-A59B9871F968}.Release|Any CPU.ActiveCfg = Release|Any CPU
		{8EFF3081-7ADB-45A1-B393-A59B9871F968}.Release|Any CPU.Build.0 = Release|Any CPU
		{9EE670F9-0952-4B5C-B179-C3F39CF5E444}.Debug|Any CPU.ActiveCfg = Debug|Any CPU
		{9EE670F9-0952-4B5C-B179-C3F39CF5E444}.Debug|Any CPU.Build.0 = Debug|Any CPU
		{9EE670F9-0952-4B5C-B179-C3F39CF5E444}.Release|Any CPU.ActiveCfg = Release|Any CPU
		{9EE670F9-0952-4B5C-B179-C3F39CF5E444}.Release|Any CPU.Build.0 = Release|Any CPU
		{10A26A01-2DBD-4727-83E5-3275ED02FD04}.Debug|Any CPU.ActiveCfg = Debug|Any CPU
		{10A26A01-2DBD-4727-83E5-3275ED02FD04}.Debug|Any CPU.Build.0 = Debug|Any CPU
		{10A26A01-2DBD-4727-83E5-3275ED02FD04}.Release|Any CPU.ActiveCfg = Release|Any CPU
		{10A26A01-2DBD-4727-83E5-3275ED02FD04}.Release|Any CPU.Build.0 = Release|Any CPU
		{61239DBA-B3D3-4D09-952F-48CC1EF2EB2E}.Debug|Any CPU.ActiveCfg = Debug|Any CPU
		{61239DBA-B3D3-4D09-952F-48CC1EF2EB2E}.Debug|Any CPU.Build.0 = Debug|Any CPU
		{61239DBA-B3D3-4D09-952F-48CC1EF2EB2E}.Release|Any CPU.ActiveCfg = Release|Any CPU
		{61239DBA-B3D3-4D09-952F-48CC1EF2EB2E}.Release|Any CPU.Build.0 = Release|Any CPU
		{1F2B761C-8A02-4EC5-A275-C459757D35D3}.Debug|Any CPU.ActiveCfg = Debug|Any CPU
		{1F2B761C-8A02-4EC5-A275-C459757D35D3}.Debug|Any CPU.Build.0 = Debug|Any CPU
		{1F2B761C-8A02-4EC5-A275-C459757D35D3}.Release|Any CPU.ActiveCfg = Release|Any CPU
		{1F2B761C-8A02-4EC5-A275-C459757D35D3}.Release|Any CPU.Build.0 = Release|Any CPU
		{080DDAA8-91F9-4030-80F1-8F2709390451}.Debug|Any CPU.ActiveCfg = Debug|Any CPU
		{080DDAA8-91F9-4030-80F1-8F2709390451}.Debug|Any CPU.Build.0 = Debug|Any CPU
		{080DDAA8-91F9-4030-80F1-8F2709390451}.Release|Any CPU.ActiveCfg = Release|Any CPU
		{080DDAA8-91F9-4030-80F1-8F2709390451}.Release|Any CPU.Build.0 = Release|Any CPU
		{B98FCA19-0FA3-4446-BADE-02DE568D181F}.Debug|Any CPU.ActiveCfg = Debug|Any CPU
		{B98FCA19-0FA3-4446-BADE-02DE568D181F}.Debug|Any CPU.Build.0 = Debug|Any CPU
		{B98FCA19-0FA3-4446-BADE-02DE568D181F}.Release|Any CPU.ActiveCfg = Release|Any CPU
		{B98FCA19-0FA3-4446-BADE-02DE568D181F}.Release|Any CPU.Build.0 = Release|Any CPU
	EndGlobalSection
	GlobalSection(SolutionProperties) = preSolution
		HideSolutionNode = FALSE
	EndGlobalSection
	GlobalSection(NestedProjects) = preSolution
		{C9FD9D4C-D629-4845-BECE-B232A682C7D5} = {02EA681E-C7D8-13C7-8484-4AC65E1B71E8}
		{32876082-D8FF-48A2-A144-332EDBE0C47C} = {86B55594-0C43-4655-A18C-978069E58095}
		{5BC74563-E32E-41F0-A34C-B200F9755D47} = {32876082-D8FF-48A2-A144-332EDBE0C47C}
		{CD8798F3-EEA3-455F-BDE5-538707C52F84} = {32876082-D8FF-48A2-A144-332EDBE0C47C}
		{D7BD0AA9-7A1E-4E72-963D-D5686AFB483B} = {32876082-D8FF-48A2-A144-332EDBE0C47C}
		{4634DE47-4F8B-4CD7-8F55-85AF943EFE04} = {86B55594-0C43-4655-A18C-978069E58095}
		{D7969D4F-740F-4595-897A-CC8C6BFA0164} = {5BC74563-E32E-41F0-A34C-B200F9755D47}
		{FA079C3A-E57F-4BAE-9A68-528EF782A5CC} = {5BC74563-E32E-41F0-A34C-B200F9755D47}
		{9061FF18-CB9F-4F4D-B9B9-431DB095B6A8} = {5BC74563-E32E-41F0-A34C-B200F9755D47}
		{AF5541C7-F3BE-4716-A548-4E2EBE78F546} = {CD8798F3-EEA3-455F-BDE5-538707C52F84}
		{8EFF3081-7ADB-45A1-B393-A59B9871F968} = {4634DE47-4F8B-4CD7-8F55-85AF943EFE04}
		{9EE670F9-0952-4B5C-B179-C3F39CF5E444} = {CD8798F3-EEA3-455F-BDE5-538707C52F84}
		{10A26A01-2DBD-4727-83E5-3275ED02FD04} = {CD8798F3-EEA3-455F-BDE5-538707C52F84}
		{61239DBA-B3D3-4D09-952F-48CC1EF2EB2E} = {4634DE47-4F8B-4CD7-8F55-85AF943EFE04}
		{496CCF3E-1A52-43A5-8B31-AF2FF9620D68} = {5BC74563-E32E-41F0-A34C-B200F9755D47}
		{59BE0A15-91F5-4A30-B233-A60012CFD9AA} = {CD8798F3-EEA3-455F-BDE5-538707C52F84}
		{D87BD8B6-0016-48DE-B3FB-B60EF047E3B1} = {D7BD0AA9-7A1E-4E72-963D-D5686AFB483B}
		{1F2B761C-8A02-4EC5-A275-C459757D35D3} = {496CCF3E-1A52-43A5-8B31-AF2FF9620D68}
		{080DDAA8-91F9-4030-80F1-8F2709390451} = {59BE0A15-91F5-4A30-B233-A60012CFD9AA}
		{8708813C-62B9-4635-B4D4-3C7292AF5654} = {02EA681E-C7D8-13C7-8484-4AC65E1B71E8}
		{B98FCA19-0FA3-4446-BADE-02DE568D181F} = {4634DE47-4F8B-4CD7-8F55-85AF943EFE04}
	EndGlobalSection
	GlobalSection(ExtensibilityGlobals) = postSolution
		SolutionGuid = {7449609F-BEC3-4FA7-B739-1E6B89A94FD0}
	EndGlobalSection
EndGlobal
